
Microsoft Visual Studio Solution File, Format Version 12.00
# Visual Studio Version 17
VisualStudioVersion = 17.11.35312.102
MinimumVisualStudioVersion = 10.0.40219.1
Project("{8BC9CEB8-8B4A-11D0-8D11-00A0C91BC942}") = "3BodyFractal", "3BodyFractal.vcxproj", "{14B1E62E-7F1F-41E4-999F-A926592A35FF}"
EndProject
Global
	GlobalSection(SolutionConfigurationPlatforms) = preSolution
		Debug|x64 = Debug|x64
		Debug|x86 = Debug|x86
		Release|x64 = Release|x64
		Release|x86 = Release|x86
	EndGlobalSection
	GlobalSection(ProjectConfigurationPlatforms) = postSolution
		{14B1E62E-7F1F-41E4-999F-A926592A35FF}.Debug|x64.ActiveCfg = Debug|x64
		{14B1E62E-7F1F-41E4-999F-A926592A35FF}.Debug|x64.Build.0 = Debug|x64
		{14B1E62E-7F1F-41E4-999F-A926592A35FF}.Debug|x86.ActiveCfg = Debug|Win32
		{14B1E62E-7F1F-41E4-999F-A926592A35FF}.Debug|x86.Build.0 = Debug|Win32
		{14B1E62E-7F1F-41E4-999F-A926592A35FF}.Release|x64.ActiveCfg = Release|x64
		{14B1E62E-7F1F-41E4-999F-A926592A35FF}.Release|x64.Build.0 = Release|x64
		{14B1E62E-7F1F-41E4-999F-A926592A35FF}.Release|x86.ActiveCfg = Release|Win32
		{14B1E62E-7F1F-41E4-999F-A926592A35FF}.Release|x86.Build.0 = Release|Win32
	EndGlobalSection
	GlobalSection(SolutionProperties) = preSolution
		HideSolutionNode = FALSE
	EndGlobalSection
	GlobalSection(ExtensibilityGlobals) = postSolution
		SolutionGuid = {D310D531-0E0F-4A7B-A79A-7E0203DBED1A}
	EndGlobalSection
EndGlobal
